
Microsoft Visual Studio Solution File, Format Version 12.00
# Visual Studio Version 16
VisualStudioVersion = 16.0.31424.327
MinimumVisualStudioVersion = 10.0.40219.1
Project("{FAE04EC0-301F-11D3-BF4B-00C04F79EFBC}") = "TransportManagement", "TransportManagement\TransportManagement.csproj", "{B13F00B1-B040-4F73-9333-125BBC33E207}"
EndProject
Project("{9A19103F-16F7-4668-BE54-9A1E7A4F7556}") = "TransportManagementCore", "TransportManagementCore\TransportManagementCore.csproj", "{B215D5DB-76A5-486E-8365-933D884EA445}"
EndProject
Project("{FAE04EC0-301F-11D3-BF4B-00C04F79EFBC}") = "RDLC Design", "RDLC Design\RDLC Design.csproj", "{D53593AC-9315-464E-BCAA-91F8071D90AA}"
EndProject
Project("{FAE04EC0-301F-11D3-BF4B-00C04F79EFBC}") = "RDLC Models", "RDLC Models\RDLC Models.csproj", "{6CF792B2-23B8-49C0-BD87-F181B613DD76}"
EndProject
Global
	GlobalSection(SolutionConfigurationPlatforms) = preSolution
		Debug|Any CPU = Debug|Any CPU
		Release|Any CPU = Release|Any CPU
	EndGlobalSection
	GlobalSection(ProjectConfigurationPlatforms) = postSolution
		{B13F00B1-B040-4F73-9333-125BBC33E207}.Debug|Any CPU.ActiveCfg = Debug|Any CPU
		{B13F00B1-B040-4F73-9333-125BBC33E207}.Debug|Any CPU.Build.0 = Debug|Any CPU
		{B13F00B1-B040-4F73-9333-125BBC33E207}.Release|Any CPU.ActiveCfg = Release|Any CPU
		{B13F00B1-B040-4F73-9333-125BBC33E207}.Release|Any CPU.Build.0 = Release|Any CPU
		{B215D5DB-76A5-486E-8365-933D884EA445}.Debug|Any CPU.ActiveCfg = Debug|Any CPU
		{B215D5DB-76A5-486E-8365-933D884EA445}.Debug|Any CPU.Build.0 = Debug|Any CPU
		{B215D5DB-76A5-486E-8365-933D884EA445}.Release|Any CPU.ActiveCfg = Release|Any CPU
		{B215D5DB-76A5-486E-8365-933D884EA445}.Release|Any CPU.Build.0 = Release|Any CPU
		{D53593AC-9315-464E-BCAA-91F8071D90AA}.Debug|Any CPU.ActiveCfg = Debug|Any CPU
		{D53593AC-9315-464E-BCAA-91F8071D90AA}.Debug|Any CPU.Build.0 = Debug|Any CPU
		{D53593AC-9315-464E-BCAA-91F8071D90AA}.Release|Any CPU.ActiveCfg = Release|Any CPU
		{D53593AC-9315-464E-BCAA-91F8071D90AA}.Release|Any CPU.Build.0 = Release|Any CPU
		{6CF792B2-23B8-49C0-BD87-F181B613DD76}.Debug|Any CPU.ActiveCfg = Debug|Any CPU
		{6CF792B2-23B8-49C0-BD87-F181B613DD76}.Debug|Any CPU.Build.0 = Debug|Any CPU
		{6CF792B2-23B8-49C0-BD87-F181B613DD76}.Release|Any CPU.ActiveCfg = Release|Any CPU
		{6CF792B2-23B8-49C0-BD87-F181B613DD76}.Release|Any CPU.Build.0 = Release|Any CPU
	EndGlobalSection
	GlobalSection(SolutionProperties) = preSolution
		HideSolutionNode = FALSE
	EndGlobalSection
	GlobalSection(ExtensibilityGlobals) = postSolution
		SolutionGuid = {058D9777-323E-4576-9F1C-7C70850E67FD}
	EndGlobalSection
EndGlobal
